
Microsoft Visual Studio Solution File, Format Version 12.00
# Visual Studio Version 17
VisualStudioVersion = 17.5.33516.290
MinimumVisualStudioVersion = 10.0.40219.1
Project("{FAE04EC0-301F-11D3-BF4B-00C04F79EFBC}") = "isk.GeneralAPI", "isk.GeneralAPI\isk.GeneralAPI.csproj", "{558DCD61-9C8D-4172-909D-034375230F75}"
EndProject
Project("{2150E333-8FDC-42A3-9474-1A3956D46DE8}") = "APIs", "APIs", "{F0FF0639-F8B4-4B2E-8D8A-7E94DD69A3A6}"
EndProject
Project("{2150E333-8FDC-42A3-9474-1A3956D46DE8}") = "Websites", "Websites", "{5177B8A7-0F81-4910-B05C-89B5395125D1}"
EndProject
Project("{2150E333-8FDC-42A3-9474-1A3956D46DE8}") = "Libraries", "Libraries", "{C7F94AC3-D377-4D82-A5E3-A5904E494387}"
EndProject
Project("{2150E333-8FDC-42A3-9474-1A3956D46DE8}") = "Databases", "Databases", "{A87E1B9C-965B-41BB-B2FD-48020870D55C}"
EndProject
Project("{2150E333-8FDC-42A3-9474-1A3956D46DE8}") = "GeneralAPI", "GeneralAPI", "{F813259B-4F04-4A16-8B46-847260D85DAC}"
	ProjectSection(SolutionItems) = preProject
		Databases\GeneralAPI\Dockerfile = Databases\GeneralAPI\Dockerfile
		Databases\GeneralAPI\seeddb.sql = Databases\GeneralAPI\seeddb.sql
	EndProjectSection
EndProject
Project("{2150E333-8FDC-42A3-9474-1A3956D46DE8}") = "Solution Items", "Solution Items", "{2B3C9D3A-D90B-4204-842A-DD9A8F80C39C}"
	ProjectSection(SolutionItems) = preProject
		Readme.md = Readme.md
	EndProjectSection
EndProject
Global
	GlobalSection(SolutionConfigurationPlatforms) = preSolution
		Debug|Any CPU = Debug|Any CPU
		Release|Any CPU = Release|Any CPU
	EndGlobalSection
	GlobalSection(ProjectConfigurationPlatforms) = postSolution
		{558DCD61-9C8D-4172-909D-034375230F75}.Debug|Any CPU.ActiveCfg = Debug|Any CPU
		{558DCD61-9C8D-4172-909D-034375230F75}.Debug|Any CPU.Build.0 = Debug|Any CPU
		{558DCD61-9C8D-4172-909D-034375230F75}.Release|Any CPU.ActiveCfg = Release|Any CPU
		{558DCD61-9C8D-4172-909D-034375230F75}.Release|Any CPU.Build.0 = Release|Any CPU
	EndGlobalSection
	GlobalSection(SolutionProperties) = preSolution
		HideSolutionNode = FALSE
	EndGlobalSection
	GlobalSection(NestedProjects) = preSolution
		{558DCD61-9C8D-4172-909D-034375230F75} = {F0FF0639-F8B4-4B2E-8D8A-7E94DD69A3A6}
		{F813259B-4F04-4A16-8B46-847260D85DAC} = {A87E1B9C-965B-41BB-B2FD-48020870D55C}
	EndGlobalSection
	GlobalSection(ExtensibilityGlobals) = postSolution
		SolutionGuid = {D6970CB1-6987-4E07-BBA4-7ED33DDB7D4A}
	EndGlobalSection
EndGlobal
